
Microsoft Visual Studio Solution File, Format Version 12.00
# Visual Studio Version 16
VisualStudioVersion = 16.0.31624.102
MinimumVisualStudioVersion = 10.0.40219.1
Project("{8BC9CEB8-8B4A-11D0-8D11-00A0C91BC942}") = "Assignment1", "Assignment1\Assignment1.vcxproj", "{951C9333-1C95-4033-9F79-1EA7F541B668}"
EndProject
Global
	GlobalSection(SolutionConfigurationPlatforms) = preSolution
		Debug|x64 = Debug|x64
		Debug|x86 = Debug|x86
		Release|x64 = Release|x64
		Release|x86 = Release|x86
	EndGlobalSection
	GlobalSection(ProjectConfigurationPlatforms) = postSolution
		{951C9333-1C95-4033-9F79-1EA7F541B668}.Debug|x64.ActiveCfg = Debug|x64
		{951C9333-1C95-4033-9F79-1EA7F541B668}.Debug|x64.Build.0 = Debug|x64
		{951C9333-1C95-4033-9F79-1EA7F541B668}.Debug|x86.ActiveCfg = Debug|Win32
		{951C9333-1C95-4033-9F79-1EA7F541B668}.Debug|x86.Build.0 = Debug|Win32
		{951C9333-1C95-4033-9F79-1EA7F541B668}.Release|x64.ActiveCfg = Release|x64
		{951C9333-1C95-4033-9F79-1EA7F541B668}.Release|x64.Build.0 = Release|x64
		{951C9333-1C95-4033-9F79-1EA7F541B668}.Release|x86.ActiveCfg = Release|Win32
		{951C9333-1C95-4033-9F79-1EA7F541B668}.Release|x86.Build.0 = Release|Win32
	EndGlobalSection
	GlobalSection(SolutionProperties) = preSolution
		HideSolutionNode = FALSE
	EndGlobalSection
	GlobalSection(ExtensibilityGlobals) = postSolution
		SolutionGuid = {BD8F4E46-9D4A-45DD-95F6-EB0E3859B470}
	EndGlobalSection
EndGlobal
